// !$*UTF8*$!
{
	archiveVersion = 1;
	classes = {
	};
	objectVersion = 46;
	objects = {

/* Begin PBXBuildFile section */
		FC1FC2B523568E260014BEA2 /* SpeechManager.swift in Sources */ = {isa = PBXBuildFile; fileRef = FC1FC2B423568E260014BEA2 /* SpeechManager.swift */; };
		FC1FC2B723568F6F0014BEA2 /* SpeechTranscriptionRequest.swift in Sources */ = {isa = PBXBuildFile; fileRef = FC1FC2B623568F6F0014BEA2 /* SpeechTranscriptionRequest.swift */; };
		FC1FC2B923568F980014BEA2 /* FileSpeechTranscriptionRequest.swift in Sources */ = {isa = PBXBuildFile; fileRef = FC1FC2B823568F980014BEA2 /* FileSpeechTranscriptionRequest.swift */; };
		FC1FC2BB23568FC40014BEA2 /* LiveSpeechTranscriptionRequest.swift in Sources */ = {isa = PBXBuildFile; fileRef = FC1FC2BA23568FC40014BEA2 /* LiveSpeechTranscriptionRequest.swift */; };
		FC1FC2BD23568FE40014BEA2 /* HSSpeechBridgeModule.m in Sources */ = {isa = PBXBuildFile; fileRef = FC1FC2BC23568FE40014BEA2 /* HSSpeechBridgeModule.m */; };
		FC1FC2C0235690640014BEA2 /* LocaleUtil.m in Sources */ = {isa = PBXBuildFile; fileRef = FC1FC2BF235690640014BEA2 /* LocaleUtil.m */; };
		FCEC207E23569AD300D12CC0 /* AudioUtil.swift in Sources */ = {isa = PBXBuildFile; fileRef = FCEC207D23569AD300D12CC0 /* AudioUtil.swift */; };
/* End PBXBuildFile section */

/* Begin PBXCopyFilesBuildPhase section */
		FC664EDA22CAD96E00FD8AE7 /* CopyFiles */ = {
			isa = PBXCopyFilesBuildPhase;
			buildActionMask = 2147483647;
			dstPath = "include/$(PRODUCT_NAME)";
			dstSubfolderSpec = 16;
			files = (
			);
			runOnlyForDeploymentPostprocessing = 0;
		};
/* End PBXCopyFilesBuildPhase section */

/* Begin PBXFileReference section */
		FC1FC2B323568D390014BEA2 /* libHSReactNativeSpeech.a */ = {isa = PBXFileReference; explicitFileType = archive.ar; includeInIndex = 0; path = libHSReactNativeSpeech.a; sourceTree = BUILT_PRODUCTS_DIR; };
		FC1FC2B423568E260014BEA2 /* SpeechManager.swift */ = {isa = PBXFileReference; lastKnownFileType = sourcecode.swift; path = SpeechManager.swift; sourceTree = "<group>"; };
		FC1FC2B623568F6F0014BEA2 /* SpeechTranscriptionRequest.swift */ = {isa = PBXFileReference; lastKnownFileType = sourcecode.swift; path = SpeechTranscriptionRequest.swift; sourceTree = "<group>"; };
		FC1FC2B823568F980014BEA2 /* FileSpeechTranscriptionRequest.swift */ = {isa = PBXFileReference; lastKnownFileType = sourcecode.swift; path = FileSpeechTranscriptionRequest.swift; sourceTree = "<group>"; };
		FC1FC2BA23568FC40014BEA2 /* LiveSpeechTranscriptionRequest.swift */ = {isa = PBXFileReference; lastKnownFileType = sourcecode.swift; path = LiveSpeechTranscriptionRequest.swift; sourceTree = "<group>"; };
		FC1FC2BC23568FE40014BEA2 /* HSSpeechBridgeModule.m */ = {isa = PBXFileReference; indentWidth = 2; lastKnownFileType = sourcecode.c.objc; path = HSSpeechBridgeModule.m; sourceTree = "<group>"; tabWidth = 2; };
		FC1FC2BE23568FFC0014BEA2 /* HSSpeechBridgeModule.h */ = {isa = PBXFileReference; lastKnownFileType = sourcecode.c.h; path = HSSpeechBridgeModule.h; sourceTree = "<group>"; };
		FC1FC2BF235690640014BEA2 /* LocaleUtil.m */ = {isa = PBXFileReference; lastKnownFileType = sourcecode.c.objc; path = LocaleUtil.m; sourceTree = "<group>"; };
		FC1FC2C12356907C0014BEA2 /* LocaleUtil.h */ = {isa = PBXFileReference; lastKnownFileType = sourcecode.c.h; path = LocaleUtil.h; sourceTree = "<group>"; };
		FCEC207D23569AD300D12CC0 /* AudioUtil.swift */ = {isa = PBXFileReference; lastKnownFileType = sourcecode.swift; path = AudioUtil.swift; sourceTree = "<group>"; };
		FCFC983A22AC7CD20089D452 /* HSReactNativeSpeech-Bridging-Header.h */ = {isa = PBXFileReference; fileEncoding = 4; lastKnownFileType = sourcecode.c.h; path = "HSReactNativeSpeech-Bridging-Header.h"; sourceTree = "<group>"; };
/* End PBXFileReference section */

/* Begin PBXFrameworksBuildPhase section */
		FC664ED922CAD96E00FD8AE7 /* Frameworks */ = {
			isa = PBXFrameworksBuildPhase;
			buildActionMask = 2147483647;
			files = (
			);
			runOnlyForDeploymentPostprocessing = 0;
		};
/* End PBXFrameworksBuildPhase section */

/* Begin PBXGroup section */
		58B511D21A9E6C8500147676 = {
			isa = PBXGroup;
			children = (
				FCFC983A22AC7CD20089D452 /* HSReactNativeSpeech-Bridging-Header.h */,
				FCBFAF0A22CBE9CB00A0AC11 /* Source */,
				FC0E6E3322E03AEF00B0C1C7 /* Recovered References */,
				FC1FC2B323568D390014BEA2 /* libHSReactNativeSpeech.a */,
			);
			sourceTree = "<group>";
		};
		FC0E6E3322E03AEF00B0C1C7 /* Recovered References */ = {
			isa = PBXGroup;
			children = (
			);
			name = "Recovered References";
			sourceTree = "<group>";
		};
		FCBFAF0A22CBE9CB00A0AC11 /* Source */ = {
			isa = PBXGroup;
			children = (
				FC1FC2B423568E260014BEA2 /* SpeechManager.swift */,
				FC1FC2B623568F6F0014BEA2 /* SpeechTranscriptionRequest.swift */,
				FC1FC2B823568F980014BEA2 /* FileSpeechTranscriptionRequest.swift */,
				FC1FC2BA23568FC40014BEA2 /* LiveSpeechTranscriptionRequest.swift */,
				FC1FC2BC23568FE40014BEA2 /* HSSpeechBridgeModule.m */,
				FC1FC2BE23568FFC0014BEA2 /* HSSpeechBridgeModule.h */,
				FC1FC2BF235690640014BEA2 /* LocaleUtil.m */,
				FC1FC2C12356907C0014BEA2 /* LocaleUtil.h */,
				FCEC207D23569AD300D12CC0 /* AudioUtil.swift */,
			);
			name = Source;
			sourceTree = "<group>";
		};
/* End PBXGroup section */

/* Begin PBXNativeTarget section */
		FC664EDB22CAD96E00FD8AE7 /* HSReactNativeSpeech */ = {
			isa = PBXNativeTarget;
			buildConfigurationList = FC664EE022CAD96F00FD8AE7 /* Build configuration list for PBXNativeTarget "HSReactNativeSpeech" */;
			buildPhases = (
				FC664ED822CAD96E00FD8AE7 /* Sources */,
				FC664ED922CAD96E00FD8AE7 /* Frameworks */,
				FC664EDA22CAD96E00FD8AE7 /* CopyFiles */,
			);
			buildRules = (
			);
			dependencies = (
			);
			name = HSReactNativeSpeech;
			productName = HSReactNativeCamera;
			productReference = FC1FC2B323568D390014BEA2 /* libHSReactNativeSpeech.a */;
			productType = "com.apple.product-type.library.static";
		};
/* End PBXNativeTarget section */

/* Begin PBXProject section */
		58B511D31A9E6C8500147676 /* Project object */ = {
			isa = PBXProject;
			attributes = {
				LastSwiftUpdateCheck = 1020;
				LastUpgradeCheck = 830;
				ORGANIZATIONNAME = "";
				TargetAttributes = {
					FC664EDB22CAD96E00FD8AE7 = {
						CreatedOnToolsVersion = 10.2.1;
						DevelopmentTeam = 6DUV3UU8M8;
						ProvisioningStyle = Automatic;
					};
				};
			};
			buildConfigurationList = 58B511D61A9E6C8500147676 /* Build configuration list for PBXProject "HSReactNativeSpeech" */;
			compatibilityVersion = "Xcode 3.2";
			developmentRegion = English;
			hasScannedForEncodings = 0;
			knownRegions = (
				English,
				en,
			);
			mainGroup = 58B511D21A9E6C8500147676;
			productRefGroup = 58B511D21A9E6C8500147676;
			projectDirPath = "";
			projectRoot = "";
			targets = (
				FC664EDB22CAD96E00FD8AE7 /* HSReactNativeSpeech */,
			);
		};
/* End PBXProject section */

/* Begin PBXSourcesBuildPhase section */
		FC664ED822CAD96E00FD8AE7 /* Sources */ = {
			isa = PBXSourcesBuildPhase;
			buildActionMask = 2147483647;
			files = (
				FCEC207E23569AD300D12CC0 /* AudioUtil.swift in Sources */,
				FC1FC2BD23568FE40014BEA2 /* HSSpeechBridgeModule.m in Sources */,
				FC1FC2BB23568FC40014BEA2 /* LiveSpeechTranscriptionRequest.swift in Sources */,
				FC1FC2B723568F6F0014BEA2 /* SpeechTranscriptionRequest.swift in Sources */,
				FC1FC2B523568E260014BEA2 /* SpeechManager.swift in Sources */,
				FC1FC2B923568F980014BEA2 /* FileSpeechTranscriptionRequest.swift in Sources */,
				FC1FC2C0235690640014BEA2 /* LocaleUtil.m in Sources */,
			);
			runOnlyForDeploymentPostprocessing = 0;
		};
/* End PBXSourcesBuildPhase section */

/* Begin XCBuildConfiguration section */
		58B511ED1A9E6C8500147676 /* Debug */ = {
			isa = XCBuildConfiguration;
			buildSettings = {
				ALWAYS_EMBED_SWIFT_STANDARD_LIBRARIES = YES;
				ALWAYS_SEARCH_USER_PATHS = NO;
				CLANG_CXX_LANGUAGE_STANDARD = "gnu++0x";
				CLANG_CXX_LIBRARY = "libc++";
				CLANG_ENABLE_MODULES = YES;
				CLANG_ENABLE_OBJC_ARC = YES;
				CLANG_WARN_BOOL_CONVERSION = YES;
				CLANG_WARN_CONSTANT_CONVERSION = YES;
				CLANG_WARN_DIRECT_OBJC_ISA_USAGE = YES_ERROR;
				CLANG_WARN_EMPTY_BODY = YES;
				CLANG_WARN_ENUM_CONVERSION = YES;
				CLANG_WARN_INFINITE_RECURSION = YES;
				CLANG_WARN_INT_CONVERSION = YES;
				CLANG_WARN_OBJC_ROOT_CLASS = YES_ERROR;
				CLANG_WARN_SUSPICIOUS_MOVE = YES;
				CLANG_WARN_UNREACHABLE_CODE = YES;
				CLANG_WARN__DUPLICATE_METHOD_MATCH = YES;
				COPY_PHASE_STRIP = NO;
				ENABLE_STRICT_OBJC_MSGSEND = YES;
				ENABLE_TESTABILITY = YES;
				GCC_C_LANGUAGE_STANDARD = gnu99;
				GCC_DYNAMIC_NO_PIC = NO;
				GCC_NO_COMMON_BLOCKS = YES;
				GCC_OPTIMIZATION_LEVEL = 0;
				GCC_PREPROCESSOR_DEFINITIONS = (
					"DEBUG=1",
					"$(inherited)",
				);
				GCC_SYMBOLS_PRIVATE_EXTERN = NO;
				GCC_WARN_64_TO_32_BIT_CONVERSION = YES;
				GCC_WARN_ABOUT_RETURN_TYPE = YES_ERROR;
				GCC_WARN_UNDECLARED_SELECTOR = YES;
				GCC_WARN_UNINITIALIZED_AUTOS = YES_AGGRESSIVE;
				GCC_WARN_UNUSED_FUNCTION = YES;
				GCC_WARN_UNUSED_VARIABLE = YES;
				IPHONEOS_DEPLOYMENT_TARGET = 11.0;
				MTL_ENABLE_DEBUG_INFO = YES;
				ONLY_ACTIVE_ARCH = YES;
				SDKROOT = iphoneos;
			};
			name = Debug;
		};
		58B511EE1A9E6C8500147676 /* Release */ = {
			isa = XCBuildConfiguration;
			buildSettings = {
				ALWAYS_EMBED_SWIFT_STANDARD_LIBRARIES = YES;
				ALWAYS_SEARCH_USER_PATHS = NO;
				CLANG_CXX_LANGUAGE_STANDARD = "gnu++0x";
				CLANG_CXX_LIBRARY = "libc++";
				CLANG_ENABLE_MODULES = YES;
				CLANG_ENABLE_OBJC_ARC = YES;
				CLANG_WARN_BOOL_CONVERSION = YES;
				CLANG_WARN_CONSTANT_CONVERSION = YES;
				CLANG_WARN_DIRECT_OBJC_ISA_USAGE = YES_ERROR;
				CLANG_WARN_EMPTY_BODY = YES;
				CLANG_WARN_ENUM_CONVERSION = YES;
				CLANG_WARN_INFINITE_RECURSION = YES;
				CLANG_WARN_INT_CONVERSION = YES;
				CLANG_WARN_OBJC_ROOT_CLASS = YES_ERROR;
				CLANG_WARN_SUSPICIOUS_MOVE = YES;
				CLANG_WARN_UNREACHABLE_CODE = YES;
				CLANG_WARN__DUPLICATE_METHOD_MATCH = YES;
				COPY_PHASE_STRIP = YES;
				ENABLE_NS_ASSERTIONS = NO;
				ENABLE_STRICT_OBJC_MSGSEND = YES;
				GCC_C_LANGUAGE_STANDARD = gnu99;
				GCC_NO_COMMON_BLOCKS = YES;
				GCC_WARN_64_TO_32_BIT_CONVERSION = YES;
				GCC_WARN_ABOUT_RETURN_TYPE = YES_ERROR;
				GCC_WARN_UNDECLARED_SELECTOR = YES;
				GCC_WARN_UNINITIALIZED_AUTOS = YES_AGGRESSIVE;
				GCC_WARN_UNUSED_FUNCTION = YES;
				GCC_WARN_UNUSED_VARIABLE = YES;
				IPHONEOS_DEPLOYMENT_TARGET = 11.0;
				MTL_ENABLE_DEBUG_INFO = NO;
				SDKROOT = iphoneos;
				VALIDATE_PRODUCT = YES;
			};
			name = Release;
		};
		FC664EE122CAD96F00FD8AE7 /* Debug */ = {
			isa = XCBuildConfiguration;
			buildSettings = {
				CLANG_ANALYZER_NONNULL = YES;
				CLANG_ANALYZER_NUMBER_OBJECT_CONVERSION = YES_AGGRESSIVE;
				CLANG_CXX_LANGUAGE_STANDARD = "gnu++14";
				CLANG_ENABLE_OBJC_WEAK = YES;
				CLANG_WARN_BLOCK_CAPTURE_AUTORELEASING = YES;
				CLANG_WARN_COMMA = YES;
				CLANG_WARN_DEPRECATED_OBJC_IMPLEMENTATIONS = YES;
				CLANG_WARN_DOCUMENTATION_COMMENTS = YES;
				CLANG_WARN_NON_LITERAL_NULL_CONVERSION = YES;
				CLANG_WARN_OBJC_IMPLICIT_RETAIN_SELF = YES;
				CLANG_WARN_OBJC_LITERAL_CONVERSION = YES;
				CLANG_WARN_RANGE_LOOP_ANALYSIS = YES;
				CLANG_WARN_STRICT_PROTOTYPES = YES;
				CLANG_WARN_UNGUARDED_AVAILABILITY = YES_AGGRESSIVE;
				CODE_SIGN_IDENTITY = "iPhone Developer";
				CODE_SIGN_STYLE = Automatic;
				DEBUG_INFORMATION_FORMAT = dwarf;
				DEVELOPMENT_TEAM = 6DUV3UU8M8;
				FRAMEWORK_SEARCH_PATHS = "$(SRCROOT)/Frameworks/**";
				GCC_C_LANGUAGE_STANDARD = gnu11;
				IPHONEOS_DEPLOYMENT_TARGET = 11.0;
				LIBRARY_SEARCH_PATHS = (
					"$(inherited)",
					"\"$(SRCROOT)/$(TARGET_NAME)\"",
				);
				MTL_ENABLE_DEBUG_INFO = INCLUDE_SOURCE;
				MTL_FAST_MATH = YES;
				OTHER_LDFLAGS = "-ObjC";
				PRODUCT_NAME = "$(TARGET_NAME)";
				SKIP_INSTALL = YES;
				SWIFT_ACTIVE_COMPILATION_CONDITIONS = DEBUG;
				SWIFT_OBJC_BRIDGING_HEADER = "HSReactNativeSpeech-Bridging-Header.h";
				SWIFT_OPTIMIZATION_LEVEL = "-Onone";
				SWIFT_VERSION = 5.0;
				TARGETED_DEVICE_FAMILY = "1,2";
			};
			name = Debug;
		};
		FC664EE222CAD96F00FD8AE7 /* Release */ = {
			isa = XCBuildConfiguration;
			buildSettings = {
				CLANG_ANALYZER_NONNULL = YES;
				CLANG_ANALYZER_NUMBER_OBJECT_CONVERSION = YES_AGGRESSIVE;
				CLANG_CXX_LANGUAGE_STANDARD = "gnu++14";
				CLANG_ENABLE_OBJC_WEAK = YES;
				CLANG_WARN_BLOCK_CAPTURE_AUTORELEASING = YES;
				CLANG_WARN_COMMA = YES;
				CLANG_WARN_DEPRECATED_OBJC_IMPLEMENTATIONS = YES;
				CLANG_WARN_DOCUMENTATION_COMMENTS = YES;
				CLANG_WARN_NON_LITERAL_NULL_CONVERSION = YES;
				CLANG_WARN_OBJC_IMPLICIT_RETAIN_SELF = YES;
				CLANG_WARN_OBJC_LITERAL_CONVERSION = YES;
				CLANG_WARN_RANGE_LOOP_ANALYSIS = YES;
				CLANG_WARN_STRICT_PROTOTYPES = YES;
				CLANG_WARN_UNGUARDED_AVAILABILITY = YES_AGGRESSIVE;
				CODE_SIGN_IDENTITY = "iPhone Developer";
				CODE_SIGN_STYLE = Automatic;
				COPY_PHASE_STRIP = NO;
				DEBUG_INFORMATION_FORMAT = "dwarf-with-dsym";
				DEVELOPMENT_TEAM = 6DUV3UU8M8;
				FRAMEWORK_SEARCH_PATHS = "$(SRCROOT)/Frameworks/**";
				GCC_C_LANGUAGE_STANDARD = gnu11;
				IPHONEOS_DEPLOYMENT_TARGET = 11.0;
				LIBRARY_SEARCH_PATHS = (
					"$(inherited)",
					"\"$(SRCROOT)/$(TARGET_NAME)\"",
				);
				MTL_FAST_MATH = YES;
				OTHER_LDFLAGS = "-ObjC";
				PRODUCT_NAME = "$(TARGET_NAME)";
				SKIP_INSTALL = YES;
				SWIFT_OBJC_BRIDGING_HEADER = "HSReactNativeSpeech-Bridging-Header.h";
				SWIFT_OPTIMIZATION_LEVEL = "-Owholemodule";
				SWIFT_VERSION = 5.0;
				TARGETED_DEVICE_FAMILY = "1,2";
			};
			name = Release;
		};
/* End XCBuildConfiguration section */

/* Begin XCConfigurationList section */
		58B511D61A9E6C8500147676 /* Build configuration list for PBXProject "HSReactNativeSpeech" */ = {
			isa = XCConfigurationList;
			buildConfigurations = (
				58B511ED1A9E6C8500147676 /* Debug */,
				58B511EE1A9E6C8500147676 /* Release */,
			);
			defaultConfigurationIsVisible = 0;
			defaultConfigurationName = Release;
		};
		FC664EE022CAD96F00FD8AE7 /* Build configuration list for PBXNativeTarget "HSReactNativeSpeech" */ = {
			isa = XCConfigurationList;
			buildConfigurations = (
				FC664EE122CAD96F00FD8AE7 /* Debug */,
				FC664EE222CAD96F00FD8AE7 /* Release */,
			);
			defaultConfigurationIsVisible = 0;
			defaultConfigurationName = Release;
		};
/* End XCConfigurationList section */
	};
	rootObject = 58B511D31A9E6C8500147676 /* Project object */;
}
